
Microsoft Visual Studio Solution File, Format Version 12.00
# Visual Studio Version 17
VisualStudioVersion = 17.7.34202.233
MinimumVisualStudioVersion = 10.0.40219.1
Project("{FAE04EC0-301F-11D3-BF4B-00C04F79EFBC}") = "TriviaApp", "TriviaApp.csproj", "{61004FC9-9BAE-429F-ABBD-423C53E4C521}"
EndProject
Global
	GlobalSection(SolutionConfigurationPlatforms) = preSolution
		Debug|Any CPU = Debug|Any CPU
		Release|Any CPU = Release|Any CPU
	EndGlobalSection
	GlobalSection(ProjectConfigurationPlatforms) = postSolution
		{61004FC9-9BAE-429F-ABBD-423C53E4C521}.Debug|Any CPU.ActiveCfg = Debug|Any CPU
		{61004FC9-9BAE-429F-ABBD-423C53E4C521}.Debug|Any CPU.Build.0 = Debug|Any CPU
		{61004FC9-9BAE-429F-ABBD-423C53E4C521}.Release|Any CPU.ActiveCfg = Release|Any CPU
		{61004FC9-9BAE-429F-ABBD-423C53E4C521}.Release|Any CPU.Build.0 = Release|Any CPU
	EndGlobalSection
	GlobalSection(SolutionProperties) = preSolution
		HideSolutionNode = FALSE
	EndGlobalSection
	GlobalSection(ExtensibilityGlobals) = postSolution
		SolutionGuid = {2CB61A6C-85E8-4E99-ACD0-FB5AECBBA8F8}
	EndGlobalSection
EndGlobal
