
Microsoft Visual Studio Solution File, Format Version 12.00
# Visual Studio Version 17
VisualStudioVersion = 17.7.34024.191
MinimumVisualStudioVersion = 10.0.40219.1
Project("{FAE04EC0-301F-11D3-BF4B-00C04F79EFBC}") = "MyEditor", "MyEditor.csproj", "{05A64D18-92BD-4977-9C8E-3813221BCDE1}"
EndProject
Global
	GlobalSection(SolutionConfigurationPlatforms) = preSolution
		Debug|Any CPU = Debug|Any CPU
		Release|Any CPU = Release|Any CPU
	EndGlobalSection
	GlobalSection(ProjectConfigurationPlatforms) = postSolution
		{05A64D18-92BD-4977-9C8E-3813221BCDE1}.Debug|Any CPU.ActiveCfg = Debug|Any CPU
		{05A64D18-92BD-4977-9C8E-3813221BCDE1}.Debug|Any CPU.Build.0 = Debug|Any CPU
		{05A64D18-92BD-4977-9C8E-3813221BCDE1}.Release|Any CPU.ActiveCfg = Release|Any CPU
		{05A64D18-92BD-4977-9C8E-3813221BCDE1}.Release|Any CPU.Build.0 = Release|Any CPU
	EndGlobalSection
	GlobalSection(SolutionProperties) = preSolution
		HideSolutionNode = FALSE
	EndGlobalSection
	GlobalSection(ExtensibilityGlobals) = postSolution
		SolutionGuid = {D5BC1AC8-D156-4941-806A-65DE426B37B6}
	EndGlobalSection
EndGlobal
