
Microsoft Visual Studio Solution File, Format Version 12.00
# Visual Studio Version 17
VisualStudioVersion = 17.7.34031.279
MinimumVisualStudioVersion = 10.0.40219.1
Project("{FAE04EC0-301F-11D3-BF4B-00C04F79EFBC}") = "Unit1Exam_Q12", "Unit1Exam_Q12.csproj", "{A86D03A5-FDCC-4E9A-A99E-DB33D55BC430}"
EndProject
Global
	GlobalSection(SolutionConfigurationPlatforms) = preSolution
		Debug|Any CPU = Debug|Any CPU
		Release|Any CPU = Release|Any CPU
	EndGlobalSection
	GlobalSection(ProjectConfigurationPlatforms) = postSolution
		{A86D03A5-FDCC-4E9A-A99E-DB33D55BC430}.Debug|Any CPU.ActiveCfg = Debug|Any CPU
		{A86D03A5-FDCC-4E9A-A99E-DB33D55BC430}.Debug|Any CPU.Build.0 = Debug|Any CPU
		{A86D03A5-FDCC-4E9A-A99E-DB33D55BC430}.Release|Any CPU.ActiveCfg = Release|Any CPU
		{A86D03A5-FDCC-4E9A-A99E-DB33D55BC430}.Release|Any CPU.Build.0 = Release|Any CPU
	EndGlobalSection
	GlobalSection(SolutionProperties) = preSolution
		HideSolutionNode = FALSE
	EndGlobalSection
	GlobalSection(ExtensibilityGlobals) = postSolution
		SolutionGuid = {8A070CC5-43AE-4B05-AC76-AB3C9C2035D4}
	EndGlobalSection
EndGlobal
