
Microsoft Visual Studio Solution File, Format Version 12.00
# Visual Studio Version 17
VisualStudioVersion = 17.7.34024.191
MinimumVisualStudioVersion = 10.0.40219.1
Project("{FAE04EC0-301F-11D3-BF4B-00C04F79EFBC}") = "DataTypeConversion", "DataTypeConversion.csproj", "{A5C356F1-85BD-4144-9643-294948B78B16}"
EndProject
Global
	GlobalSection(SolutionConfigurationPlatforms) = preSolution
		Debug|Any CPU = Debug|Any CPU
		Release|Any CPU = Release|Any CPU
	EndGlobalSection
	GlobalSection(ProjectConfigurationPlatforms) = postSolution
		{A5C356F1-85BD-4144-9643-294948B78B16}.Debug|Any CPU.ActiveCfg = Debug|Any CPU
		{A5C356F1-85BD-4144-9643-294948B78B16}.Debug|Any CPU.Build.0 = Debug|Any CPU
		{A5C356F1-85BD-4144-9643-294948B78B16}.Release|Any CPU.ActiveCfg = Release|Any CPU
		{A5C356F1-85BD-4144-9643-294948B78B16}.Release|Any CPU.Build.0 = Release|Any CPU
	EndGlobalSection
	GlobalSection(SolutionProperties) = preSolution
		HideSolutionNode = FALSE
	EndGlobalSection
	GlobalSection(ExtensibilityGlobals) = postSolution
		SolutionGuid = {EFA968E7-3361-46E4-A669-82669875A6E7}
	EndGlobalSection
EndGlobal
