
Microsoft Visual Studio Solution File, Format Version 12.00
# Visual Studio Version 17
VisualStudioVersion = 17.7.34031.279
MinimumVisualStudioVersion = 10.0.40219.1
Project("{FAE04EC0-301F-11D3-BF4B-00C04F79EFBC}") = "Unit1Exam_Q2", "Unit1Exam_Q2.csproj", "{D0EFC283-3051-4E0E-A1D2-53F173D3F443}"
EndProject
Global
	GlobalSection(SolutionConfigurationPlatforms) = preSolution
		Debug|Any CPU = Debug|Any CPU
		Release|Any CPU = Release|Any CPU
	EndGlobalSection
	GlobalSection(ProjectConfigurationPlatforms) = postSolution
		{D0EFC283-3051-4E0E-A1D2-53F173D3F443}.Debug|Any CPU.ActiveCfg = Debug|Any CPU
		{D0EFC283-3051-4E0E-A1D2-53F173D3F443}.Debug|Any CPU.Build.0 = Debug|Any CPU
		{D0EFC283-3051-4E0E-A1D2-53F173D3F443}.Release|Any CPU.ActiveCfg = Release|Any CPU
		{D0EFC283-3051-4E0E-A1D2-53F173D3F443}.Release|Any CPU.Build.0 = Release|Any CPU
	EndGlobalSection
	GlobalSection(SolutionProperties) = preSolution
		HideSolutionNode = FALSE
	EndGlobalSection
	GlobalSection(ExtensibilityGlobals) = postSolution
		SolutionGuid = {7DB05A39-8FA0-4293-BBF8-6CA015ED3B4D}
	EndGlobalSection
EndGlobal
