
Microsoft Visual Studio Solution File, Format Version 12.00
# Visual Studio Version 17
VisualStudioVersion = 17.7.34202.233
MinimumVisualStudioVersion = 10.0.40219.1
Project("{FAE04EC0-301F-11D3-BF4B-00C04F79EFBC}") = "GifFinder", "GifFinder.csproj", "{BD7D9FB0-7C42-496E-AB28-80DF6D52E1D8}"
EndProject
Global
	GlobalSection(SolutionConfigurationPlatforms) = preSolution
		Debug|Any CPU = Debug|Any CPU
		Release|Any CPU = Release|Any CPU
	EndGlobalSection
	GlobalSection(ProjectConfigurationPlatforms) = postSolution
		{BD7D9FB0-7C42-496E-AB28-80DF6D52E1D8}.Debug|Any CPU.ActiveCfg = Debug|Any CPU
		{BD7D9FB0-7C42-496E-AB28-80DF6D52E1D8}.Debug|Any CPU.Build.0 = Debug|Any CPU
		{BD7D9FB0-7C42-496E-AB28-80DF6D52E1D8}.Release|Any CPU.ActiveCfg = Release|Any CPU
		{BD7D9FB0-7C42-496E-AB28-80DF6D52E1D8}.Release|Any CPU.Build.0 = Release|Any CPU
	EndGlobalSection
	GlobalSection(SolutionProperties) = preSolution
		HideSolutionNode = FALSE
	EndGlobalSection
	GlobalSection(ExtensibilityGlobals) = postSolution
		SolutionGuid = {A82084AE-624F-48C7-A2F7-8F27595B61D7}
	EndGlobalSection
EndGlobal
