
Microsoft Visual Studio Solution File, Format Version 12.00
# Visual Studio Version 17
VisualStudioVersion = 17.7.34031.279
MinimumVisualStudioVersion = 10.0.40219.1
Project("{FAE04EC0-301F-11D3-BF4B-00C04F79EFBC}") = "Unit1Exam_Q4", "Unit1Exam_Q4.csproj", "{A4B18E27-AEE5-4363-B79A-9CCB17F72D08}"
EndProject
Global
	GlobalSection(SolutionConfigurationPlatforms) = preSolution
		Debug|Any CPU = Debug|Any CPU
		Release|Any CPU = Release|Any CPU
	EndGlobalSection
	GlobalSection(ProjectConfigurationPlatforms) = postSolution
		{A4B18E27-AEE5-4363-B79A-9CCB17F72D08}.Debug|Any CPU.ActiveCfg = Debug|Any CPU
		{A4B18E27-AEE5-4363-B79A-9CCB17F72D08}.Debug|Any CPU.Build.0 = Debug|Any CPU
		{A4B18E27-AEE5-4363-B79A-9CCB17F72D08}.Release|Any CPU.ActiveCfg = Release|Any CPU
		{A4B18E27-AEE5-4363-B79A-9CCB17F72D08}.Release|Any CPU.Build.0 = Release|Any CPU
	EndGlobalSection
	GlobalSection(SolutionProperties) = preSolution
		HideSolutionNode = FALSE
	EndGlobalSection
	GlobalSection(ExtensibilityGlobals) = postSolution
		SolutionGuid = {4CE399CB-3D71-4CF8-B761-DCD26E264D77}
	EndGlobalSection
EndGlobal
