
Microsoft Visual Studio Solution File, Format Version 12.00
# Visual Studio Version 17
VisualStudioVersion = 17.7.34031.279
MinimumVisualStudioVersion = 10.0.40219.1
Project("{FAE04EC0-301F-11D3-BF4B-00C04F79EFBC}") = "Unit1Exam_Q13", "Unit1Exam_Q13.csproj", "{C42F395B-CECE-49C1-878A-265EB90E929D}"
EndProject
Global
	GlobalSection(SolutionConfigurationPlatforms) = preSolution
		Debug|Any CPU = Debug|Any CPU
		Release|Any CPU = Release|Any CPU
	EndGlobalSection
	GlobalSection(ProjectConfigurationPlatforms) = postSolution
		{C42F395B-CECE-49C1-878A-265EB90E929D}.Debug|Any CPU.ActiveCfg = Debug|Any CPU
		{C42F395B-CECE-49C1-878A-265EB90E929D}.Debug|Any CPU.Build.0 = Debug|Any CPU
		{C42F395B-CECE-49C1-878A-265EB90E929D}.Release|Any CPU.ActiveCfg = Release|Any CPU
		{C42F395B-CECE-49C1-878A-265EB90E929D}.Release|Any CPU.Build.0 = Release|Any CPU
	EndGlobalSection
	GlobalSection(SolutionProperties) = preSolution
		HideSolutionNode = FALSE
	EndGlobalSection
	GlobalSection(ExtensibilityGlobals) = postSolution
		SolutionGuid = {9BB5ADD0-3FB4-437F-92E7-A9142681F063}
	EndGlobalSection
EndGlobal
