
Microsoft Visual Studio Solution File, Format Version 12.00
# Visual Studio Version 17
VisualStudioVersion = 17.8.34322.80
MinimumVisualStudioVersion = 10.0.40219.1
Project("{FAE04EC0-301F-11D3-BF4B-00C04F79EFBC}") = "FinalExamTest", "FinalExamTest.csproj", "{77BCF16C-083F-40E7-831F-979EE2D02F92}"
EndProject
Global
	GlobalSection(SolutionConfigurationPlatforms) = preSolution
		Debug|Any CPU = Debug|Any CPU
		Release|Any CPU = Release|Any CPU
	EndGlobalSection
	GlobalSection(ProjectConfigurationPlatforms) = postSolution
		{77BCF16C-083F-40E7-831F-979EE2D02F92}.Debug|Any CPU.ActiveCfg = Debug|Any CPU
		{77BCF16C-083F-40E7-831F-979EE2D02F92}.Debug|Any CPU.Build.0 = Debug|Any CPU
		{77BCF16C-083F-40E7-831F-979EE2D02F92}.Release|Any CPU.ActiveCfg = Release|Any CPU
		{77BCF16C-083F-40E7-831F-979EE2D02F92}.Release|Any CPU.Build.0 = Release|Any CPU
	EndGlobalSection
	GlobalSection(SolutionProperties) = preSolution
		HideSolutionNode = FALSE
	EndGlobalSection
	GlobalSection(ExtensibilityGlobals) = postSolution
		SolutionGuid = {B16E7729-0280-409E-B4BC-77A7A14E406B}
	EndGlobalSection
EndGlobal
