
Microsoft Visual Studio Solution File, Format Version 12.00
# Visual Studio Version 17
VisualStudioVersion = 17.7.34202.233
MinimumVisualStudioVersion = 10.0.40219.1
Project("{FAE04EC0-301F-11D3-BF4B-00C04F79EFBC}") = "DrWho", "DrWho.csproj", "{B0040615-EEC4-40FA-98CF-7EAE773C33C2}"
EndProject
Global
	GlobalSection(SolutionConfigurationPlatforms) = preSolution
		Debug|Any CPU = Debug|Any CPU
		Release|Any CPU = Release|Any CPU
	EndGlobalSection
	GlobalSection(ProjectConfigurationPlatforms) = postSolution
		{B0040615-EEC4-40FA-98CF-7EAE773C33C2}.Debug|Any CPU.ActiveCfg = Debug|Any CPU
		{B0040615-EEC4-40FA-98CF-7EAE773C33C2}.Debug|Any CPU.Build.0 = Debug|Any CPU
		{B0040615-EEC4-40FA-98CF-7EAE773C33C2}.Release|Any CPU.ActiveCfg = Release|Any CPU
		{B0040615-EEC4-40FA-98CF-7EAE773C33C2}.Release|Any CPU.Build.0 = Release|Any CPU
	EndGlobalSection
	GlobalSection(SolutionProperties) = preSolution
		HideSolutionNode = FALSE
	EndGlobalSection
	GlobalSection(ExtensibilityGlobals) = postSolution
		SolutionGuid = {E690B941-9BFD-45DE-83BB-ED7725CB7C89}
	EndGlobalSection
EndGlobal
